// !$*UTF8*$!
{
	archiveVersion = 1;
	classes = {
	};
	objectVersion = 56;
	objects = {

/* Begin PBXBuildFile section */
		A13A14012B7D624F0036F591 /* RealityKitF1App.swift in Sources */ = {isa = PBXBuildFile; fileRef = A13A14002B7D624F0036F591 /* RealityKitF1App.swift */; };
		A13A14032B7D624F0036F591 /* ContentView.swift in Sources */ = {isa = PBXBuildFile; fileRef = A13A14022B7D624F0036F591 /* ContentView.swift */; };
		A13A14052B7D62500036F591 /* Assets.xcassets in Resources */ = {isa = PBXBuildFile; fileRef = A13A14042B7D62500036F591 /* Assets.xcassets */; };
		A13A14082B7D62500036F591 /* Preview Assets.xcassets in Resources */ = {isa = PBXBuildFile; fileRef = A13A14072B7D62500036F591 /* Preview Assets.xcassets */; };
		A13E91122B7E90F600577AD1 /* Driver.swift in Sources */ = {isa = PBXBuildFile; fileRef = A13E91112B7E90F600577AD1 /* Driver.swift */; };
		A13E91172B7E931800577AD1 /* Tyre.swift in Sources */ = {isa = PBXBuildFile; fileRef = A13E91162B7E931800577AD1 /* Tyre.swift */; };
		A13E91192B7E934C00577AD1 /* TyreType.swift in Sources */ = {isa = PBXBuildFile; fileRef = A13E91182B7E934C00577AD1 /* TyreType.swift */; };
		A13E911C2B7E989B00577AD1 /* LapRowView.swift in Sources */ = {isa = PBXBuildFile; fileRef = A13E911B2B7E989B00577AD1 /* LapRowView.swift */; };
		A13E911E2B7E98DE00577AD1 /* Team.swift in Sources */ = {isa = PBXBuildFile; fileRef = A13E911D2B7E98DE00577AD1 /* Team.swift */; };
		A13E91222B7F996B00577AD1 /* GPView.swift in Sources */ = {isa = PBXBuildFile; fileRef = A13E91212B7F996B00577AD1 /* GPView.swift */; };
		A13E91242B7F9B5400577AD1 /* DriversChampioshipView.swift in Sources */ = {isa = PBXBuildFile; fileRef = A13E91232B7F9B5400577AD1 /* DriversChampioshipView.swift */; };
		A13E91262B7F9CDF00577AD1 /* DriverRowView.swift in Sources */ = {isa = PBXBuildFile; fileRef = A13E91252B7F9CDF00577AD1 /* DriverRowView.swift */; };
		A1E620712B7FD68000E6DF4B /* TeamRowView.swift in Sources */ = {isa = PBXBuildFile; fileRef = A1E620702B7FD68000E6DF4B /* TeamRowView.swift */; };
		A1E620732B7FD91600E6DF4B /* ConstructorsChampionshipView.swift in Sources */ = {isa = PBXBuildFile; fileRef = A1E620722B7FD91600E6DF4B /* ConstructorsChampionshipView.swift */; };
/* End PBXBuildFile section */

/* Begin PBXFileReference section */
		A13A13FD2B7D624F0036F591 /* RealityKitF1.app */ = {isa = PBXFileReference; explicitFileType = wrapper.application; includeInIndex = 0; path = RealityKitF1.app; sourceTree = BUILT_PRODUCTS_DIR; };
		A13A14002B7D624F0036F591 /* RealityKitF1App.swift */ = {isa = PBXFileReference; lastKnownFileType = sourcecode.swift; path = RealityKitF1App.swift; sourceTree = "<group>"; };
		A13A14022B7D624F0036F591 /* ContentView.swift */ = {isa = PBXFileReference; lastKnownFileType = sourcecode.swift; path = ContentView.swift; sourceTree = "<group>"; };
		A13A14042B7D62500036F591 /* Assets.xcassets */ = {isa = PBXFileReference; lastKnownFileType = folder.assetcatalog; path = Assets.xcassets; sourceTree = "<group>"; };
		A13A14072B7D62500036F591 /* Preview Assets.xcassets */ = {isa = PBXFileReference; lastKnownFileType = folder.assetcatalog; path = "Preview Assets.xcassets"; sourceTree = "<group>"; };
		A13E91112B7E90F600577AD1 /* Driver.swift */ = {isa = PBXFileReference; lastKnownFileType = sourcecode.swift; path = Driver.swift; sourceTree = "<group>"; };
		A13E91162B7E931800577AD1 /* Tyre.swift */ = {isa = PBXFileReference; lastKnownFileType = sourcecode.swift; path = Tyre.swift; sourceTree = "<group>"; };
		A13E91182B7E934C00577AD1 /* TyreType.swift */ = {isa = PBXFileReference; lastKnownFileType = sourcecode.swift; path = TyreType.swift; sourceTree = "<group>"; };
		A13E911B2B7E989B00577AD1 /* LapRowView.swift */ = {isa = PBXFileReference; lastKnownFileType = sourcecode.swift; path = LapRowView.swift; sourceTree = "<group>"; };
		A13E911D2B7E98DE00577AD1 /* Team.swift */ = {isa = PBXFileReference; lastKnownFileType = sourcecode.swift; path = Team.swift; sourceTree = "<group>"; };
		A13E91212B7F996B00577AD1 /* GPView.swift */ = {isa = PBXFileReference; lastKnownFileType = sourcecode.swift; path = GPView.swift; sourceTree = "<group>"; };
		A13E91232B7F9B5400577AD1 /* DriversChampioshipView.swift */ = {isa = PBXFileReference; lastKnownFileType = sourcecode.swift; path = DriversChampioshipView.swift; sourceTree = "<group>"; };
		A13E91252B7F9CDF00577AD1 /* DriverRowView.swift */ = {isa = PBXFileReference; lastKnownFileType = sourcecode.swift; path = DriverRowView.swift; sourceTree = "<group>"; };
		A1E620702B7FD68000E6DF4B /* TeamRowView.swift */ = {isa = PBXFileReference; lastKnownFileType = sourcecode.swift; path = TeamRowView.swift; sourceTree = "<group>"; };
		A1E620722B7FD91600E6DF4B /* ConstructorsChampionshipView.swift */ = {isa = PBXFileReference; lastKnownFileType = sourcecode.swift; path = ConstructorsChampionshipView.swift; sourceTree = "<group>"; };
/* End PBXFileReference section */

/* Begin PBXFrameworksBuildPhase section */
		A13A13FA2B7D624F0036F591 /* Frameworks */ = {
			isa = PBXFrameworksBuildPhase;
			buildActionMask = 2147483647;
			files = (
			);
			runOnlyForDeploymentPostprocessing = 0;
		};
/* End PBXFrameworksBuildPhase section */

/* Begin PBXGroup section */
		A13A13F42B7D624F0036F591 = {
			isa = PBXGroup;
			children = (
				A13A13FF2B7D624F0036F591 /* RealityKitF1 */,
				A13A13FE2B7D624F0036F591 /* Products */,
			);
			sourceTree = "<group>";
		};
		A13A13FE2B7D624F0036F591 /* Products */ = {
			isa = PBXGroup;
			children = (
				A13A13FD2B7D624F0036F591 /* RealityKitF1.app */,
			);
			name = Products;
			sourceTree = "<group>";
		};
		A13A13FF2B7D624F0036F591 /* RealityKitF1 */ = {
			isa = PBXGroup;
			children = (
				A13E911A2B7E988E00577AD1 /* Views */,
				A13E91102B7E90D900577AD1 /* Models */,
				A13A14002B7D624F0036F591 /* RealityKitF1App.swift */,
				A13A14022B7D624F0036F591 /* ContentView.swift */,
				A13A14042B7D62500036F591 /* Assets.xcassets */,
				A13A14062B7D62500036F591 /* Preview Content */,
			);
			path = RealityKitF1;
			sourceTree = "<group>";
		};
		A13A14062B7D62500036F591 /* Preview Content */ = {
			isa = PBXGroup;
			children = (
				A13A14072B7D62500036F591 /* Preview Assets.xcassets */,
			);
			path = "Preview Content";
			sourceTree = "<group>";
		};
		A13E91102B7E90D900577AD1 /* Models */ = {
			isa = PBXGroup;
			children = (
				A13E91112B7E90F600577AD1 /* Driver.swift */,
				A13E91162B7E931800577AD1 /* Tyre.swift */,
				A13E91182B7E934C00577AD1 /* TyreType.swift */,
				A13E911D2B7E98DE00577AD1 /* Team.swift */,
			);
			path = Models;
			sourceTree = "<group>";
		};
		A13E911A2B7E988E00577AD1 /* Views */ = {
			isa = PBXGroup;
			children = (
				A13E911B2B7E989B00577AD1 /* LapRowView.swift */,
				A13E91212B7F996B00577AD1 /* GPView.swift */,
				A13E91232B7F9B5400577AD1 /* DriversChampioshipView.swift */,
				A13E91252B7F9CDF00577AD1 /* DriverRowView.swift */,
				A1E620702B7FD68000E6DF4B /* TeamRowView.swift */,
				A1E620722B7FD91600E6DF4B /* ConstructorsChampionshipView.swift */,
			);
			path = Views;
			sourceTree = "<group>";
		};
/* End PBXGroup section */

/* Begin PBXNativeTarget section */
		A13A13FC2B7D624F0036F591 /* RealityKitF1 */ = {
			isa = PBXNativeTarget;
			buildConfigurationList = A13A140B2B7D62500036F591 /* Build configuration list for PBXNativeTarget "RealityKitF1" */;
			buildPhases = (
				A13A13F92B7D624F0036F591 /* Sources */,
				A13A13FA2B7D624F0036F591 /* Frameworks */,
				A13A13FB2B7D624F0036F591 /* Resources */,
			);
			buildRules = (
			);
			dependencies = (
			);
			name = RealityKitF1;
			productName = RealityKitF1;
			productReference = A13A13FD2B7D624F0036F591 /* RealityKitF1.app */;
			productType = "com.apple.product-type.application";
		};
/* End PBXNativeTarget section */

/* Begin PBXProject section */
		A13A13F52B7D624F0036F591 /* Project object */ = {
			isa = PBXProject;
			attributes = {
				BuildIndependentTargetsInParallel = 1;
				LastSwiftUpdateCheck = 1500;
				LastUpgradeCheck = 1500;
				TargetAttributes = {
					A13A13FC2B7D624F0036F591 = {
						CreatedOnToolsVersion = 15.0.1;
					};
				};
			};
			buildConfigurationList = A13A13F82B7D624F0036F591 /* Build configuration list for PBXProject "VisionOsF1" */;
			compatibilityVersion = "Xcode 14.0";
			developmentRegion = en;
			hasScannedForEncodings = 0;
			knownRegions = (
				en,
				Base,
			);
			mainGroup = A13A13F42B7D624F0036F591;
			productRefGroup = A13A13FE2B7D624F0036F591 /* Products */;
			projectDirPath = "";
			projectRoot = "";
			targets = (
				A13A13FC2B7D624F0036F591 /* RealityKitF1 */,
			);
		};
/* End PBXProject section */

/* Begin PBXResourcesBuildPhase section */
		A13A13FB2B7D624F0036F591 /* Resources */ = {
			isa = PBXResourcesBuildPhase;
			buildActionMask = 2147483647;
			files = (
				A13A14082B7D62500036F591 /* Preview Assets.xcassets in Resources */,
				A13A14052B7D62500036F591 /* Assets.xcassets in Resources */,
			);
			runOnlyForDeploymentPostprocessing = 0;
		};
/* End PBXResourcesBuildPhase section */

/* Begin PBXSourcesBuildPhase section */
		A13A13F92B7D624F0036F591 /* Sources */ = {
			isa = PBXSourcesBuildPhase;
			buildActionMask = 2147483647;
			files = (
				A13E911C2B7E989B00577AD1 /* LapRowView.swift in Sources */,
				A1E620712B7FD68000E6DF4B /* TeamRowView.swift in Sources */,
				A13E91222B7F996B00577AD1 /* GPView.swift in Sources */,
				A13E91172B7E931800577AD1 /* Tyre.swift in Sources */,
				A1E620732B7FD91600E6DF4B /* ConstructorsChampionshipView.swift in Sources */,
				A13E911E2B7E98DE00577AD1 /* Team.swift in Sources */,
				A13E91242B7F9B5400577AD1 /* DriversChampioshipView.swift in Sources */,
				A13E91122B7E90F600577AD1 /* Driver.swift in Sources */,
				A13E91262B7F9CDF00577AD1 /* DriverRowView.swift in Sources */,
				A13A14032B7D624F0036F591 /* ContentView.swift in Sources */,
				A13E91192B7E934C00577AD1 /* TyreType.swift in Sources */,
				A13A14012B7D624F0036F591 /* RealityKitF1App.swift in Sources */,
			);
			runOnlyForDeploymentPostprocessing = 0;
		};
/* End PBXSourcesBuildPhase section */

/* Begin XCBuildConfiguration section */
		A13A14092B7D62500036F591 /* Debug */ = {
			isa = XCBuildConfiguration;
			buildSettings = {
				ALWAYS_SEARCH_USER_PATHS = NO;
				ASSETCATALOG_COMPILER_GENERATE_SWIFT_ASSET_SYMBOL_EXTENSIONS = YES;
				CLANG_ANALYZER_NONNULL = YES;
				CLANG_ANALYZER_NUMBER_OBJECT_CONVERSION = YES_AGGRESSIVE;
				CLANG_CXX_LANGUAGE_STANDARD = "gnu++20";
				CLANG_ENABLE_MODULES = YES;
				CLANG_ENABLE_OBJC_ARC = YES;
				CLANG_ENABLE_OBJC_WEAK = YES;
				CLANG_WARN_BLOCK_CAPTURE_AUTORELEASING = YES;
				CLANG_WARN_BOOL_CONVERSION = YES;
				CLANG_WARN_COMMA = YES;
				CLANG_WARN_CONSTANT_CONVERSION = YES;
				CLANG_WARN_DEPRECATED_OBJC_IMPLEMENTATIONS = YES;
				CLANG_WARN_DIRECT_OBJC_ISA_USAGE = YES_ERROR;
				CLANG_WARN_DOCUMENTATION_COMMENTS = YES;
				CLANG_WARN_EMPTY_BODY = YES;
				CLANG_WARN_ENUM_CONVERSION = YES;
				CLANG_WARN_INFINITE_RECURSION = YES;
				CLANG_WARN_INT_CONVERSION = YES;
				CLANG_WARN_NON_LITERAL_NULL_CONVERSION = YES;
				CLANG_WARN_OBJC_IMPLICIT_RETAIN_SELF = YES;
				CLANG_WARN_OBJC_LITERAL_CONVERSION = YES;
				CLANG_WARN_OBJC_ROOT_CLASS = YES_ERROR;
				CLANG_WARN_QUOTED_INCLUDE_IN_FRAMEWORK_HEADER = YES;
				CLANG_WARN_RANGE_LOOP_ANALYSIS = YES;
				CLANG_WARN_STRICT_PROTOTYPES = YES;
				CLANG_WARN_SUSPICIOUS_MOVE = YES;
				CLANG_WARN_UNGUARDED_AVAILABILITY = YES_AGGRESSIVE;
				CLANG_WARN_UNREACHABLE_CODE = YES;
				CLANG_WARN__DUPLICATE_METHOD_MATCH = YES;
				COPY_PHASE_STRIP = NO;
				DEBUG_INFORMATION_FORMAT = dwarf;
				ENABLE_STRICT_OBJC_MSGSEND = YES;
				ENABLE_TESTABILITY = YES;
				ENABLE_USER_SCRIPT_SANDBOXING = YES;
				GCC_C_LANGUAGE_STANDARD = gnu17;
				GCC_DYNAMIC_NO_PIC = NO;
				GCC_NO_COMMON_BLOCKS = YES;
				GCC_OPTIMIZATION_LEVEL = 0;
				GCC_PREPROCESSOR_DEFINITIONS = (
					"DEBUG=1",
					"$(inherited)",
				);
				GCC_WARN_64_TO_32_BIT_CONVERSION = YES;
				GCC_WARN_ABOUT_RETURN_TYPE = YES_ERROR;
				GCC_WARN_UNDECLARED_SELECTOR = YES;
				GCC_WARN_UNINITIALIZED_AUTOS = YES_AGGRESSIVE;
				GCC_WARN_UNUSED_FUNCTION = YES;
				GCC_WARN_UNUSED_VARIABLE = YES;
				IPHONEOS_DEPLOYMENT_TARGET = 17.0;
				LOCALIZATION_PREFERS_STRING_CATALOGS = YES;
				MTL_ENABLE_DEBUG_INFO = INCLUDE_SOURCE;
				MTL_FAST_MATH = YES;
				ONLY_ACTIVE_ARCH = YES;
				SDKROOT = iphoneos;
				SWIFT_ACTIVE_COMPILATION_CONDITIONS = "DEBUG $(inherited)";
				SWIFT_OPTIMIZATION_LEVEL = "-Onone";
			};
			name = Debug;
		};
		A13A140A2B7D62500036F591 /* Release */ = {
			isa = XCBuildConfiguration;
			buildSettings = {
				ALWAYS_SEARCH_USER_PATHS = NO;
				ASSETCATALOG_COMPILER_GENERATE_SWIFT_ASSET_SYMBOL_EXTENSIONS = YES;
				CLANG_ANALYZER_NONNULL = YES;
				CLANG_ANALYZER_NUMBER_OBJECT_CONVERSION = YES_AGGRESSIVE;
				CLANG_CXX_LANGUAGE_STANDARD = "gnu++20";
				CLANG_ENABLE_MODULES = YES;
				CLANG_ENABLE_OBJC_ARC = YES;
				CLANG_ENABLE_OBJC_WEAK = YES;
				CLANG_WARN_BLOCK_CAPTURE_AUTORELEASING = YES;
				CLANG_WARN_BOOL_CONVERSION = YES;
				CLANG_WARN_COMMA = YES;
				CLANG_WARN_CONSTANT_CONVERSION = YES;
				CLANG_WARN_DEPRECATED_OBJC_IMPLEMENTATIONS = YES;
				CLANG_WARN_DIRECT_OBJC_ISA_USAGE = YES_ERROR;
				CLANG_WARN_DOCUMENTATION_COMMENTS = YES;
				CLANG_WARN_EMPTY_BODY = YES;
				CLANG_WARN_ENUM_CONVERSION = YES;
				CLANG_WARN_INFINITE_RECURSION = YES;
				CLANG_WARN_INT_CONVERSION = YES;
				CLANG_WARN_NON_LITERAL_NULL_CONVERSION = YES;
				CLANG_WARN_OBJC_IMPLICIT_RETAIN_SELF = YES;
				CLANG_WARN_OBJC_LITERAL_CONVERSION = YES;
				CLANG_WARN_OBJC_ROOT_CLASS = YES_ERROR;
				CLANG_WARN_QUOTED_INCLUDE_IN_FRAMEWORK_HEADER = YES;
				CLANG_WARN_RANGE_LOOP_ANALYSIS = YES;
				CLANG_WARN_STRICT_PROTOTYPES = YES;
				CLANG_WARN_SUSPICIOUS_MOVE = YES;
				CLANG_WARN_UNGUARDED_AVAILABILITY = YES_AGGRESSIVE;
				CLANG_WARN_UNREACHABLE_CODE = YES;
				CLANG_WARN__DUPLICATE_METHOD_MATCH = YES;
				COPY_PHASE_STRIP = NO;
				DEBUG_INFORMATION_FORMAT = "dwarf-with-dsym";
				ENABLE_NS_ASSERTIONS = NO;
				ENABLE_STRICT_OBJC_MSGSEND = YES;
				ENABLE_USER_SCRIPT_SANDBOXING = YES;
				GCC_C_LANGUAGE_STANDARD = gnu17;
				GCC_NO_COMMON_BLOCKS = YES;
				GCC_WARN_64_TO_32_BIT_CONVERSION = YES;
				GCC_WARN_ABOUT_RETURN_TYPE = YES_ERROR;
				GCC_WARN_UNDECLARED_SELECTOR = YES;
				GCC_WARN_UNINITIALIZED_AUTOS = YES_AGGRESSIVE;
				GCC_WARN_UNUSED_FUNCTION = YES;
				GCC_WARN_UNUSED_VARIABLE = YES;
				IPHONEOS_DEPLOYMENT_TARGET = 17.0;
				LOCALIZATION_PREFERS_STRING_CATALOGS = YES;
				MTL_ENABLE_DEBUG_INFO = NO;
				MTL_FAST_MATH = YES;
				SDKROOT = iphoneos;
				SWIFT_COMPILATION_MODE = wholemodule;
				VALIDATE_PRODUCT = YES;
			};
			name = Release;
		};
		A13A140C2B7D62500036F591 /* Debug */ = {
			isa = XCBuildConfiguration;
			buildSettings = {
				ASSETCATALOG_COMPILER_APPICON_NAME = AppIcon;
				ASSETCATALOG_COMPILER_GLOBAL_ACCENT_COLOR_NAME = AccentColor;
				CODE_SIGN_STYLE = Automatic;
				CURRENT_PROJECT_VERSION = 1;
				DEVELOPMENT_ASSET_PATHS = "\"RealityKitF1/Preview Content\"";
				DEVELOPMENT_TEAM = LPVYFJX62D;
				ENABLE_PREVIEWS = YES;
				GENERATE_INFOPLIST_FILE = YES;
				INFOPLIST_KEY_UIApplicationSceneManifest_Generation = YES;
				INFOPLIST_KEY_UIApplicationSupportsIndirectInputEvents = YES;
				INFOPLIST_KEY_UILaunchScreen_Generation = YES;
				INFOPLIST_KEY_UISupportedInterfaceOrientations_iPad = "UIInterfaceOrientationPortrait UIInterfaceOrientationPortraitUpsideDown UIInterfaceOrientationLandscapeLeft UIInterfaceOrientationLandscapeRight";
				INFOPLIST_KEY_UISupportedInterfaceOrientations_iPhone = "UIInterfaceOrientationPortrait UIInterfaceOrientationLandscapeLeft UIInterfaceOrientationLandscapeRight";
				LD_RUNPATH_SEARCH_PATHS = (
					"$(inherited)",
					"@executable_path/Frameworks",
				);
				MARKETING_VERSION = 1.0;
				PRODUCT_BUNDLE_IDENTIFIER = com.sanchez.RealityKitF1;
				PRODUCT_NAME = "$(TARGET_NAME)";
				SUPPORTED_PLATFORMS = "xros xrsimulator";
				SUPPORTS_MACCATALYST = NO;
				SUPPORTS_MAC_DESIGNED_FOR_IPHONE_IPAD = NO;
				SUPPORTS_XR_DESIGNED_FOR_IPHONE_IPAD = NO;
				SWIFT_EMIT_LOC_STRINGS = YES;
				SWIFT_VERSION = 5.0;
				TARGETED_DEVICE_FAMILY = 7;
			};
			name = Debug;
		};
		A13A140D2B7D62500036F591 /* Release */ = {
			isa = XCBuildConfiguration;
			buildSettings = {
				ASSETCATALOG_COMPILER_APPICON_NAME = AppIcon;
				ASSETCATALOG_COMPILER_GLOBAL_ACCENT_COLOR_NAME = AccentColor;
				CODE_SIGN_STYLE = Automatic;
				CURRENT_PROJECT_VERSION = 1;
				DEVELOPMENT_ASSET_PATHS = "\"RealityKitF1/Preview Content\"";
				DEVELOPMENT_TEAM = LPVYFJX62D;
				ENABLE_PREVIEWS = YES;
				GENERATE_INFOPLIST_FILE = YES;
				INFOPLIST_KEY_UIApplicationSceneManifest_Generation = YES;
				INFOPLIST_KEY_UIApplicationSupportsIndirectInputEvents = YES;
				INFOPLIST_KEY_UILaunchScreen_Generation = YES;
				INFOPLIST_KEY_UISupportedInterfaceOrientations_iPad = "UIInterfaceOrientationPortrait UIInterfaceOrientationPortraitUpsideDown UIInterfaceOrientationLandscapeLeft UIInterfaceOrientationLandscapeRight";
				INFOPLIST_KEY_UISupportedInterfaceOrientations_iPhone = "UIInterfaceOrientationPortrait UIInterfaceOrientationLandscapeLeft UIInterfaceOrientationLandscapeRight";
				LD_RUNPATH_SEARCH_PATHS = (
					"$(inherited)",
					"@executable_path/Frameworks",
				);
				MARKETING_VERSION = 1.0;
				PRODUCT_BUNDLE_IDENTIFIER = com.sanchez.RealityKitF1;
				PRODUCT_NAME = "$(TARGET_NAME)";
				SUPPORTED_PLATFORMS = "xros xrsimulator";
				SUPPORTS_MACCATALYST = NO;
				SUPPORTS_MAC_DESIGNED_FOR_IPHONE_IPAD = NO;
				SUPPORTS_XR_DESIGNED_FOR_IPHONE_IPAD = NO;
				SWIFT_EMIT_LOC_STRINGS = YES;
				SWIFT_VERSION = 5.0;
				TARGETED_DEVICE_FAMILY = 7;
			};
			name = Release;
		};
/* End XCBuildConfiguration section */

/* Begin XCConfigurationList section */
		A13A13F82B7D624F0036F591 /* Build configuration list for PBXProject "VisionOsF1" */ = {
			isa = XCConfigurationList;
			buildConfigurations = (
				A13A14092B7D62500036F591 /* Debug */,
				A13A140A2B7D62500036F591 /* Release */,
			);
			defaultConfigurationIsVisible = 0;
			defaultConfigurationName = Release;
		};
		A13A140B2B7D62500036F591 /* Build configuration list for PBXNativeTarget "RealityKitF1" */ = {
			isa = XCConfigurationList;
			buildConfigurations = (
				A13A140C2B7D62500036F591 /* Debug */,
				A13A140D2B7D62500036F591 /* Release */,
			);
			defaultConfigurationIsVisible = 0;
			defaultConfigurationName = Release;
		};
/* End XCConfigurationList section */
	};
	rootObject = A13A13F52B7D624F0036F591 /* Project object */;
}
